
Microsoft Visual Studio Solution File, Format Version 12.00
# Visual Studio Version 17
VisualStudioVersion = 17.3.32819.101
MinimumVisualStudioVersion = 10.0.40219.1
Project("{FAE04EC0-301F-11D3-BF4B-00C04F79EFBC}") = "LinksChecker", "LinksChecker\LinksChecker.csproj", "{28FD5E5B-3371-435D-949C-CE612E945284}"
EndProject
Global
	GlobalSection(SolutionConfigurationPlatforms) = preSolution
		Debug|Any CPU = Debug|Any CPU
		Release|Any CPU = Release|Any CPU
	EndGlobalSection
	GlobalSection(ProjectConfigurationPlatforms) = postSolution
		{28FD5E5B-3371-435D-949C-CE612E945284}.Debug|Any CPU.ActiveCfg = Debug|Any CPU
		{28FD5E5B-3371-435D-949C-CE612E945284}.Debug|Any CPU.Build.0 = Debug|Any CPU
		{28FD5E5B-3371-435D-949C-CE612E945284}.Release|Any CPU.ActiveCfg = Release|Any CPU
		{28FD5E5B-3371-435D-949C-CE612E945284}.Release|Any CPU.Build.0 = Release|Any CPU
	EndGlobalSection
	GlobalSection(SolutionProperties) = preSolution
		HideSolutionNode = FALSE
	EndGlobalSection
	GlobalSection(ExtensibilityGlobals) = postSolution
		SolutionGuid = {9EAD5DC7-EEFF-4B08-A263-7D6E97679414}
	EndGlobalSection
EndGlobal
